{
  "name": "chennai-monorepo",
  "lockfileVersion": 3,
  "requires": true,
  "packages": {
    "": {
      "name": "chennai-monorepo",
      "workspaces": [
        "packages/*"
      ]
    },
    "node_modules/@appthreat/chennai": {
      "resolved": "packages/chennai",
      "link": true
    },
    "node_modules/@appthreat/chennai-darwin-amd64": {
      "resolved": "packages/chennai-darwin-amd64",
      "link": true
    },
    "node_modules/@appthreat/chennai-darwin-arm64": {
      "resolved": "packages/chennai-darwin-arm64",
      "link": true
    },
    "node_modules/@appthreat/chennai-jar": {
      "resolved": "packages/chennai-jar",
      "link": true
    },
    "node_modules/@appthreat/chennai-linux-amd64": {
      "resolved": "packages/chennai-linux-amd64",
      "link": true
    },
    "node_modules/@appthreat/chennai-linux-amd64-musl": {
      "resolved": "packages/chennai-linux-amd64-musl",
      "link": true
    },
    "node_modules/@appthreat/chennai-linux-arm64": {
      "resolved": "packages/chennai-linux-arm64",
      "link": true
    },
    "node_modules/@appthreat/chennai-linux-arm64-musl": {
      "resolved": "packages/chennai-linux-arm64-musl",
      "link": true
    },
    "node_modules/@appthreat/chennai-windows-amd64": {
      "resolved": "packages/chennai-windows-amd64",
      "link": true
    },
    "node_modules/@appthreat/chennai-windows-arm64": {
      "resolved": "packages/chennai-windows-arm64",
      "link": true
    },
    "packages/chennai": {
      "name": "@appthreat/chennai",
      "version": "1.0.2",
      "license": "MIT",
      "bin": {
        "chennai": "index.js"
      },
      "engines": {
        "node": ">=18"
      },
      "optionalDependencies": {
        "@appthreat/chennai-darwin-amd64": "1.0.2",
        "@appthreat/chennai-darwin-arm64": "1.0.2",
        "@appthreat/chennai-linux-amd64": "1.0.2",
        "@appthreat/chennai-linux-amd64-musl": "1.0.2",
        "@appthreat/chennai-linux-arm64": "1.0.2",
        "@appthreat/chennai-linux-arm64-musl": "1.0.2",
        "@appthreat/chennai-windows-amd64": "1.0.2",
        "@appthreat/chennai-windows-arm64": "1.0.2"
      }
    },
    "packages/chennai-darwin-amd64": {
      "name": "@appthreat/chennai-darwin-amd64",
      "version": "1.0.2",
      "cpu": [
        "x64"
      ],
      "license": "MIT",
      "os": [
        "darwin"
      ]
    },
    "packages/chennai-darwin-arm64": {
      "name": "@appthreat/chennai-darwin-arm64",
      "version": "1.0.2",
      "cpu": [
        "arm64"
      ],
      "license": "MIT",
      "os": [
        "darwin"
      ]
    },
    "packages/chennai-jar": {
      "name": "@appthreat/chennai-jar",
      "version": "1.0.2",
      "license": "MIT"
    },
    "packages/chennai-linux-amd64": {
      "name": "@appthreat/chennai-linux-amd64",
      "version": "1.0.2",
      "cpu": [
        "x64"
      ],
      "libc": [
        "glibc"
      ],
      "license": "MIT",
      "os": [
        "linux"
      ]
    },
    "packages/chennai-linux-amd64-musl": {
      "name": "@appthreat/chennai-linux-amd64-musl",
      "version": "1.0.2",
      "cpu": [
        "x64"
      ],
      "libc": [
        "musl"
      ],
      "license": "MIT",
      "os": [
        "linux"
      ]
    },
    "packages/chennai-linux-arm64": {
      "name": "@appthreat/chennai-linux-arm64",
      "version": "1.0.2",
      "cpu": [
        "arm64"
      ],
      "libc": [
        "glibc"
      ],
      "license": "MIT",
      "os": [
        "linux"
      ]
    },
    "packages/chennai-linux-arm64-musl": {
      "name": "@appthreat/chennai-linux-arm64-musl",
      "version": "1.0.2",
      "cpu": [
        "arm64"
      ],
      "libc": [
        "musl"
      ],
      "license": "MIT",
      "os": [
        "linux"
      ]
    },
    "packages/chennai-windows-amd64": {
      "name": "@appthreat/chennai-windows-amd64",
      "version": "1.0.2",
      "cpu": [
        "x64"
      ],
      "license": "MIT",
      "os": [
        "win32"
      ]
    },
    "packages/chennai-windows-arm64": {
      "name": "@appthreat/chennai-windows-arm64",
      "version": "1.0.2",
      "cpu": [
        "arm64"
      ],
      "license": "MIT",
      "os": [
        "win32"
      ]
    }
  }
}
